
Microsoft Visual Studio Solution File, Format Version 12.00
# Visual Studio Version 17
VisualStudioVersion = 17.0.31903.59
MinimumVisualStudioVersion = 10.0.40219.1
Project("{2150E333-8FDC-42A3-9474-1A3956D46DE8}") = "src", "src", "{827E0CD3-B72D-47B6-A68D-7590B98EB39B}"
	ProjectSection(SolutionItems) = preProject
		..\..\Downloads\Back_End_Test_-_V2_2025.pdf = ..\..\Downloads\Back_End_Test_-_V2_2025.pdf
	EndProjectSection
EndProject
Project("{FAE04EC0-301F-11D3-BF4B-00C04F79EFBC}") = "SupportAssignmentSystem.Api", "src\SupportAssignmentSystem.Api\SupportAssignmentSystem.Api.csproj", "{FA9F1993-879A-42DE-A6CD-2B64DD185A90}"
EndProject
Project("{FAE04EC0-301F-11D3-BF4B-00C04F79EFBC}") = "SupportAssignmentSystem.Core", "src\SupportAssignmentSystem.Core\SupportAssignmentSystem.Core.csproj", "{4A5101A4-FDA3-4F90-8BB1-066926EF97A5}"
EndProject
Project("{FAE04EC0-301F-11D3-BF4B-00C04F79EFBC}") = "SupportAssignmentSystem.Infrastructure", "src\SupportAssignmentSystem.Infrastructure\SupportAssignmentSystem.Infrastructure.csproj", "{B6B86407-50D9-43B0-B55A-3591C684FABB}"
EndProject
Project("{FAE04EC0-301F-11D3-BF4B-00C04F79EFBC}") = "SupportAssignmentSystem.PollingMonitor", "src\SupportAssignmentSystem.PollingMonitor\SupportAssignmentSystem.PollingMonitor.csproj", "{49970138-7B1A-4FD7-A4A0-15B7FA3F2250}"
EndProject
Project("{FAE04EC0-301F-11D3-BF4B-00C04F79EFBC}") = "SupportAssignmentSystem.Tests", "src\SupportAssignmentSystem.Tests\SupportAssignmentSystem.Tests.csproj", "{94C8BDEA-165F-49EC-9F37-9E230C937ACB}"
EndProject
Global
	GlobalSection(SolutionConfigurationPlatforms) = preSolution
		Debug|Any CPU = Debug|Any CPU
		Debug|x64 = Debug|x64
		Debug|x86 = Debug|x86
		Release|Any CPU = Release|Any CPU
		Release|x64 = Release|x64
		Release|x86 = Release|x86
	EndGlobalSection
	GlobalSection(ProjectConfigurationPlatforms) = postSolution
		{FA9F1993-879A-42DE-A6CD-2B64DD185A90}.Debug|Any CPU.ActiveCfg = Debug|Any CPU
		{FA9F1993-879A-42DE-A6CD-2B64DD185A90}.Debug|Any CPU.Build.0 = Debug|Any CPU
		{FA9F1993-879A-42DE-A6CD-2B64DD185A90}.Debug|x64.ActiveCfg = Debug|Any CPU
		{FA9F1993-879A-42DE-A6CD-2B64DD185A90}.Debug|x64.Build.0 = Debug|Any CPU
		{FA9F1993-879A-42DE-A6CD-2B64DD185A90}.Debug|x86.ActiveCfg = Debug|Any CPU
		{FA9F1993-879A-42DE-A6CD-2B64DD185A90}.Debug|x86.Build.0 = Debug|Any CPU
		{FA9F1993-879A-42DE-A6CD-2B64DD185A90}.Release|Any CPU.ActiveCfg = Release|Any CPU
		{FA9F1993-879A-42DE-A6CD-2B64DD185A90}.Release|Any CPU.Build.0 = Release|Any CPU
		{FA9F1993-879A-42DE-A6CD-2B64DD185A90}.Release|x64.ActiveCfg = Release|Any CPU
		{FA9F1993-879A-42DE-A6CD-2B64DD185A90}.Release|x64.Build.0 = Release|Any CPU
		{FA9F1993-879A-42DE-A6CD-2B64DD185A90}.Release|x86.ActiveCfg = Release|Any CPU
		{FA9F1993-879A-42DE-A6CD-2B64DD185A90}.Release|x86.Build.0 = Release|Any CPU
		{4A5101A4-FDA3-4F90-8BB1-066926EF97A5}.Debug|Any CPU.ActiveCfg = Debug|Any CPU
		{4A5101A4-FDA3-4F90-8BB1-066926EF97A5}.Debug|Any CPU.Build.0 = Debug|Any CPU
		{4A5101A4-FDA3-4F90-8BB1-066926EF97A5}.Debug|x64.ActiveCfg = Debug|Any CPU
		{4A5101A4-FDA3-4F90-8BB1-066926EF97A5}.Debug|x64.Build.0 = Debug|Any CPU
		{4A5101A4-FDA3-4F90-8BB1-066926EF97A5}.Debug|x86.ActiveCfg = Debug|Any CPU
		{4A5101A4-FDA3-4F90-8BB1-066926EF97A5}.Debug|x86.Build.0 = Debug|Any CPU
		{4A5101A4-FDA3-4F90-8BB1-066926EF97A5}.Release|Any CPU.ActiveCfg = Release|Any CPU
		{4A5101A4-FDA3-4F90-8BB1-066926EF97A5}.Release|Any CPU.Build.0 = Release|Any CPU
		{4A5101A4-FDA3-4F90-8BB1-066926EF97A5}.Release|x64.ActiveCfg = Release|Any CPU
		{4A5101A4-FDA3-4F90-8BB1-066926EF97A5}.Release|x64.Build.0 = Release|Any CPU
		{4A5101A4-FDA3-4F90-8BB1-066926EF97A5}.Release|x86.ActiveCfg = Release|Any CPU
		{4A5101A4-FDA3-4F90-8BB1-066926EF97A5}.Release|x86.Build.0 = Release|Any CPU
		{B6B86407-50D9-43B0-B55A-3591C684FABB}.Debug|Any CPU.ActiveCfg = Debug|Any CPU
		{B6B86407-50D9-43B0-B55A-3591C684FABB}.Debug|Any CPU.Build.0 = Debug|Any CPU
		{B6B86407-50D9-43B0-B55A-3591C684FABB}.Debug|x64.ActiveCfg = Debug|Any CPU
		{B6B86407-50D9-43B0-B55A-3591C684FABB}.Debug|x64.Build.0 = Debug|Any CPU
		{B6B86407-50D9-43B0-B55A-3591C684FABB}.Debug|x86.ActiveCfg = Debug|Any CPU
		{B6B86407-50D9-43B0-B55A-3591C684FABB}.Debug|x86.Build.0 = Debug|Any CPU
		{B6B86407-50D9-43B0-B55A-3591C684FABB}.Release|Any CPU.ActiveCfg = Release|Any CPU
		{B6B86407-50D9-43B0-B55A-3591C684FABB}.Release|Any CPU.Build.0 = Release|Any CPU
		{B6B86407-50D9-43B0-B55A-3591C684FABB}.Release|x64.ActiveCfg = Release|Any CPU
		{B6B86407-50D9-43B0-B55A-3591C684FABB}.Release|x64.Build.0 = Release|Any CPU
		{B6B86407-50D9-43B0-B55A-3591C684FABB}.Release|x86.ActiveCfg = Release|Any CPU
		{B6B86407-50D9-43B0-B55A-3591C684FABB}.Release|x86.Build.0 = Release|Any CPU
		{49970138-7B1A-4FD7-A4A0-15B7FA3F2250}.Debug|Any CPU.ActiveCfg = Debug|Any CPU
		{49970138-7B1A-4FD7-A4A0-15B7FA3F2250}.Debug|Any CPU.Build.0 = Debug|Any CPU
		{49970138-7B1A-4FD7-A4A0-15B7FA3F2250}.Debug|x64.ActiveCfg = Debug|Any CPU
		{49970138-7B1A-4FD7-A4A0-15B7FA3F2250}.Debug|x64.Build.0 = Debug|Any CPU
		{49970138-7B1A-4FD7-A4A0-15B7FA3F2250}.Debug|x86.ActiveCfg = Debug|Any CPU
		{49970138-7B1A-4FD7-A4A0-15B7FA3F2250}.Debug|x86.Build.0 = Debug|Any CPU
		{49970138-7B1A-4FD7-A4A0-15B7FA3F2250}.Release|Any CPU.ActiveCfg = Release|Any CPU
		{49970138-7B1A-4FD7-A4A0-15B7FA3F2250}.Release|Any CPU.Build.0 = Release|Any CPU
		{49970138-7B1A-4FD7-A4A0-15B7FA3F2250}.Release|x64.ActiveCfg = Release|Any CPU
		{49970138-7B1A-4FD7-A4A0-15B7FA3F2250}.Release|x64.Build.0 = Release|Any CPU
		{49970138-7B1A-4FD7-A4A0-15B7FA3F2250}.Release|x86.ActiveCfg = Release|Any CPU
		{49970138-7B1A-4FD7-A4A0-15B7FA3F2250}.Release|x86.Build.0 = Release|Any CPU
		{94C8BDEA-165F-49EC-9F37-9E230C937ACB}.Debug|Any CPU.ActiveCfg = Debug|Any CPU
		{94C8BDEA-165F-49EC-9F37-9E230C937ACB}.Debug|Any CPU.Build.0 = Debug|Any CPU
		{94C8BDEA-165F-49EC-9F37-9E230C937ACB}.Debug|x64.ActiveCfg = Debug|Any CPU
		{94C8BDEA-165F-49EC-9F37-9E230C937ACB}.Debug|x64.Build.0 = Debug|Any CPU
		{94C8BDEA-165F-49EC-9F37-9E230C937ACB}.Debug|x86.ActiveCfg = Debug|Any CPU
		{94C8BDEA-165F-49EC-9F37-9E230C937ACB}.Debug|x86.Build.0 = Debug|Any CPU
		{94C8BDEA-165F-49EC-9F37-9E230C937ACB}.Release|Any CPU.ActiveCfg = Release|Any CPU
		{94C8BDEA-165F-49EC-9F37-9E230C937ACB}.Release|Any CPU.Build.0 = Release|Any CPU
		{94C8BDEA-165F-49EC-9F37-9E230C937ACB}.Release|x64.ActiveCfg = Release|Any CPU
		{94C8BDEA-165F-49EC-9F37-9E230C937ACB}.Release|x64.Build.0 = Release|Any CPU
		{94C8BDEA-165F-49EC-9F37-9E230C937ACB}.Release|x86.ActiveCfg = Release|Any CPU
		{94C8BDEA-165F-49EC-9F37-9E230C937ACB}.Release|x86.Build.0 = Release|Any CPU
	EndGlobalSection
	GlobalSection(SolutionProperties) = preSolution
		HideSolutionNode = FALSE
	EndGlobalSection
	GlobalSection(NestedProjects) = preSolution
		{FA9F1993-879A-42DE-A6CD-2B64DD185A90} = {827E0CD3-B72D-47B6-A68D-7590B98EB39B}
		{4A5101A4-FDA3-4F90-8BB1-066926EF97A5} = {827E0CD3-B72D-47B6-A68D-7590B98EB39B}
		{B6B86407-50D9-43B0-B55A-3591C684FABB} = {827E0CD3-B72D-47B6-A68D-7590B98EB39B}
		{49970138-7B1A-4FD7-A4A0-15B7FA3F2250} = {827E0CD3-B72D-47B6-A68D-7590B98EB39B}
		{94C8BDEA-165F-49EC-9F37-9E230C937ACB} = {827E0CD3-B72D-47B6-A68D-7590B98EB39B}
	EndGlobalSection
	GlobalSection(ExtensibilityGlobals) = postSolution
		SolutionGuid = {F765EA35-2876-4704-A588-9D7B3993D069}
	EndGlobalSection
EndGlobal
